// !$*UTF8*$!
{
	archiveVersion = 1;
	classes = {
	};
	objectVersion = 46;
	objects = {

/* Begin PBXBuildFile section */
		4397DDFC1C29343C007B3ADD /* AppDelegate.swift in Sources */ = {isa = PBXBuildFile; fileRef = 4397DDFB1C29343C007B3ADD /* AppDelegate.swift */; };
		4397DDFE1C29343C007B3ADD /* ViewController.swift in Sources */ = {isa = PBXBuildFile; fileRef = 4397DDFD1C29343C007B3ADD /* ViewController.swift */; };
		4397DE011C29343C007B3ADD /* Main.storyboard in Resources */ = {isa = PBXBuildFile; fileRef = 4397DDFF1C29343C007B3ADD /* Main.storyboard */; };
		4397DE031C29343C007B3ADD /* Assets.xcassets in Resources */ = {isa = PBXBuildFile; fileRef = 4397DE021C29343C007B3ADD /* Assets.xcassets */; };
		4397DE061C29343C007B3ADD /* LaunchScreen.storyboard in Resources */ = {isa = PBXBuildFile; fileRef = 4397DE041C29343C007B3ADD /* LaunchScreen.storyboard */; };
		43A73BB21C2F622C0096807B /* MonsterImg.swift in Sources */ = {isa = PBXBuildFile; fileRef = 43A73BB11C2F622C0096807B /* MonsterImg.swift */; };
		43B942551C2D845A003DA021 /* DragImg.swift in Sources */ = {isa = PBXBuildFile; fileRef = 43B942541C2D845A003DA021 /* DragImg.swift */; };
		43D585671C31093900F414CB /* bite.wav in Resources */ = {isa = PBXBuildFile; fileRef = 43D585621C31093900F414CB /* bite.wav */; };
		43D585681C31093900F414CB /* cave-music.mp3 in Resources */ = {isa = PBXBuildFile; fileRef = 43D585631C31093900F414CB /* cave-music.mp3 */; };
		43D585691C31093900F414CB /* death.wav in Resources */ = {isa = PBXBuildFile; fileRef = 43D585641C31093900F414CB /* death.wav */; };
		43D5856A1C31093900F414CB /* heart.wav in Resources */ = {isa = PBXBuildFile; fileRef = 43D585651C31093900F414CB /* heart.wav */; };
		43D5856B1C31093900F414CB /* skull.wav in Resources */ = {isa = PBXBuildFile; fileRef = 43D585661C31093900F414CB /* skull.wav */; };
/* End PBXBuildFile section */

/* Begin PBXFileReference section */
		4397DDF81C29343C007B3ADD /* mylittlemonster.app */ = {isa = PBXFileReference; explicitFileType = wrapper.application; includeInIndex = 0; path = mylittlemonster.app; sourceTree = BUILT_PRODUCTS_DIR; };
		4397DDFB1C29343C007B3ADD /* AppDelegate.swift */ = {isa = PBXFileReference; lastKnownFileType = sourcecode.swift; path = AppDelegate.swift; sourceTree = "<group>"; };
		4397DDFD1C29343C007B3ADD /* ViewController.swift */ = {isa = PBXFileReference; lastKnownFileType = sourcecode.swift; path = ViewController.swift; sourceTree = "<group>"; };
		4397DE001C29343C007B3ADD /* Base */ = {isa = PBXFileReference; lastKnownFileType = file.storyboard; name = Base; path = Base.lproj/Main.storyboard; sourceTree = "<group>"; };
		4397DE021C29343C007B3ADD /* Assets.xcassets */ = {isa = PBXFileReference; lastKnownFileType = folder.assetcatalog; path = Assets.xcassets; sourceTree = "<group>"; };
		4397DE051C29343C007B3ADD /* Base */ = {isa = PBXFileReference; lastKnownFileType = file.storyboard; name = Base; path = Base.lproj/LaunchScreen.storyboard; sourceTree = "<group>"; };
		4397DE071C29343C007B3ADD /* Info.plist */ = {isa = PBXFileReference; lastKnownFileType = text.plist.xml; path = Info.plist; sourceTree = "<group>"; };
		43A73BB11C2F622C0096807B /* MonsterImg.swift */ = {isa = PBXFileReference; fileEncoding = 4; lastKnownFileType = sourcecode.swift; path = MonsterImg.swift; sourceTree = "<group>"; };
		43B942541C2D845A003DA021 /* DragImg.swift */ = {isa = PBXFileReference; fileEncoding = 4; lastKnownFileType = sourcecode.swift; path = DragImg.swift; sourceTree = "<group>"; };
		43D585621C31093900F414CB /* bite.wav */ = {isa = PBXFileReference; lastKnownFileType = audio.wav; path = bite.wav; sourceTree = "<group>"; };
		43D585631C31093900F414CB /* cave-music.mp3 */ = {isa = PBXFileReference; lastKnownFileType = audio.mp3; path = "cave-music.mp3"; sourceTree = "<group>"; };
		43D585641C31093900F414CB /* death.wav */ = {isa = PBXFileReference; lastKnownFileType = audio.wav; path = death.wav; sourceTree = "<group>"; };
		43D585651C31093900F414CB /* heart.wav */ = {isa = PBXFileReference; lastKnownFileType = audio.wav; path = heart.wav; sourceTree = "<group>"; };
		43D585661C31093900F414CB /* skull.wav */ = {isa = PBXFileReference; lastKnownFileType = audio.wav; path = skull.wav; sourceTree = "<group>"; };
/* End PBXFileReference section */

/* Begin PBXFrameworksBuildPhase section */
		4397DDF51C29343C007B3ADD /* Frameworks */ = {
			isa = PBXFrameworksBuildPhase;
			buildActionMask = 2147483647;
			files = (
			);
			runOnlyForDeploymentPostprocessing = 0;
		};
/* End PBXFrameworksBuildPhase section */

/* Begin PBXGroup section */
		4397DDEF1C29343C007B3ADD = {
			isa = PBXGroup;
			children = (
				4397DDFA1C29343C007B3ADD /* mylittlemonster */,
				4397DDF91C29343C007B3ADD /* Products */,
			);
			sourceTree = "<group>";
		};
		4397DDF91C29343C007B3ADD /* Products */ = {
			isa = PBXGroup;
			children = (
				4397DDF81C29343C007B3ADD /* mylittlemonster.app */,
			);
			name = Products;
			sourceTree = "<group>";
		};
		4397DDFA1C29343C007B3ADD /* mylittlemonster */ = {
			isa = PBXGroup;
			children = (
				43D585621C31093900F414CB /* bite.wav */,
				43D585631C31093900F414CB /* cave-music.mp3 */,
				43D585641C31093900F414CB /* death.wav */,
				43D585651C31093900F414CB /* heart.wav */,
				43D585661C31093900F414CB /* skull.wav */,
				4397DDFB1C29343C007B3ADD /* AppDelegate.swift */,
				4397DDFD1C29343C007B3ADD /* ViewController.swift */,
				43B942541C2D845A003DA021 /* DragImg.swift */,
				4397DDFF1C29343C007B3ADD /* Main.storyboard */,
				4397DE021C29343C007B3ADD /* Assets.xcassets */,
				4397DE041C29343C007B3ADD /* LaunchScreen.storyboard */,
				4397DE071C29343C007B3ADD /* Info.plist */,
				43A73BB11C2F622C0096807B /* MonsterImg.swift */,
			);
			path = mylittlemonster;
			sourceTree = "<group>";
		};
/* End PBXGroup section */

/* Begin PBXNativeTarget section */
		4397DDF71C29343C007B3ADD /* mylittlemonster */ = {
			isa = PBXNativeTarget;
			buildConfigurationList = 4397DE0A1C29343C007B3ADD /* Build configuration list for PBXNativeTarget "mylittlemonster" */;
			buildPhases = (
				4397DDF41C29343C007B3ADD /* Sources */,
				4397DDF51C29343C007B3ADD /* Frameworks */,
				4397DDF61C29343C007B3ADD /* Resources */,
			);
			buildRules = (
			);
			dependencies = (
			);
			name = mylittlemonster;
			productName = mylittlemonster;
			productReference = 4397DDF81C29343C007B3ADD /* mylittlemonster.app */;
			productType = "com.apple.product-type.application";
		};
/* End PBXNativeTarget section */

/* Begin PBXProject section */
		4397DDF01C29343C007B3ADD /* Project object */ = {
			isa = PBXProject;
			attributes = {
				LastSwiftUpdateCheck = 0720;
				LastUpgradeCheck = 0720;
				ORGANIZATIONNAME = "DANIEL OREILLY";
				TargetAttributes = {
					4397DDF71C29343C007B3ADD = {
						CreatedOnToolsVersion = 7.2;
						DevelopmentTeam = MY72L34S6X;
					};
				};
			};
			buildConfigurationList = 4397DDF31C29343C007B3ADD /* Build configuration list for PBXProject "mylittlemonster" */;
			compatibilityVersion = "Xcode 3.2";
			developmentRegion = English;
			hasScannedForEncodings = 0;
			knownRegions = (
				en,
				Base,
			);
			mainGroup = 4397DDEF1C29343C007B3ADD;
			productRefGroup = 4397DDF91C29343C007B3ADD /* Products */;
			projectDirPath = "";
			projectRoot = "";
			targets = (
				4397DDF71C29343C007B3ADD /* mylittlemonster */,
			);
		};
/* End PBXProject section */

/* Begin PBXResourcesBuildPhase section */
		4397DDF61C29343C007B3ADD /* Resources */ = {
			isa = PBXResourcesBuildPhase;
			buildActionMask = 2147483647;
			files = (
				43D5856B1C31093900F414CB /* skull.wav in Resources */,
				43D585671C31093900F414CB /* bite.wav in Resources */,
				43D585691C31093900F414CB /* death.wav in Resources */,
				43D5856A1C31093900F414CB /* heart.wav in Resources */,
				43D585681C31093900F414CB /* cave-music.mp3 in Resources */,
				4397DE061C29343C007B3ADD /* LaunchScreen.storyboard in Resources */,
				4397DE031C29343C007B3ADD /* Assets.xcassets in Resources */,
				4397DE011C29343C007B3ADD /* Main.storyboard in Resources */,
			);
			runOnlyForDeploymentPostprocessing = 0;
		};
/* End PBXResourcesBuildPhase section */

/* Begin PBXSourcesBuildPhase section */
		4397DDF41C29343C007B3ADD /* Sources */ = {
			isa = PBXSourcesBuildPhase;
			buildActionMask = 2147483647;
			files = (
				43A73BB21C2F622C0096807B /* MonsterImg.swift in Sources */,
				43B942551C2D845A003DA021 /* DragImg.swift in Sources */,
				4397DDFE1C29343C007B3ADD /* ViewController.swift in Sources */,
				4397DDFC1C29343C007B3ADD /* AppDelegate.swift in Sources */,
			);
			runOnlyForDeploymentPostprocessing = 0;
		};
/* End PBXSourcesBuildPhase section */

/* Begin PBXVariantGroup section */
		4397DDFF1C29343C007B3ADD /* Main.storyboard */ = {
			isa = PBXVariantGroup;
			children = (
				4397DE001C29343C007B3ADD /* Base */,
			);
			name = Main.storyboard;
			sourceTree = "<group>";
		};
		4397DE041C29343C007B3ADD /* LaunchScreen.storyboard */ = {
			isa = PBXVariantGroup;
			children = (
				4397DE051C29343C007B3ADD /* Base */,
			);
			name = LaunchScreen.storyboard;
			sourceTree = "<group>";
		};
/* End PBXVariantGroup section */

/* Begin XCBuildConfiguration section */
		4397DE081C29343C007B3ADD /* Debug */ = {
			isa = XCBuildConfiguration;
			buildSettings = {
				ALWAYS_SEARCH_USER_PATHS = NO;
				CLANG_CXX_LANGUAGE_STANDARD = "gnu++0x";
				CLANG_CXX_LIBRARY = "libc++";
				CLANG_ENABLE_MODULES = YES;
				CLANG_ENABLE_OBJC_ARC = YES;
				CLANG_WARN_BOOL_CONVERSION = YES;
				CLANG_WARN_CONSTANT_CONVERSION = YES;
				CLANG_WARN_DIRECT_OBJC_ISA_USAGE = YES_ERROR;
				CLANG_WARN_EMPTY_BODY = YES;
				CLANG_WARN_ENUM_CONVERSION = YES;
				CLANG_WARN_INT_CONVERSION = YES;
				CLANG_WARN_OBJC_ROOT_CLASS = YES_ERROR;
				CLANG_WARN_UNREACHABLE_CODE = YES;
				CLANG_WARN__DUPLICATE_METHOD_MATCH = YES;
				"CODE_SIGN_IDENTITY[sdk=iphoneos*]" = "iPhone Developer";
				COPY_PHASE_STRIP = NO;
				DEBUG_INFORMATION_FORMAT = dwarf;
				ENABLE_STRICT_OBJC_MSGSEND = YES;
				ENABLE_TESTABILITY = YES;
				GCC_C_LANGUAGE_STANDARD = gnu99;
				GCC_DYNAMIC_NO_PIC = NO;
				GCC_NO_COMMON_BLOCKS = YES;
				GCC_OPTIMIZATION_LEVEL = 0;
				GCC_PREPROCESSOR_DEFINITIONS = (
					"DEBUG=1",
					"$(inherited)",
				);
				GCC_WARN_64_TO_32_BIT_CONVERSION = YES;
				GCC_WARN_ABOUT_RETURN_TYPE = YES_ERROR;
				GCC_WARN_UNDECLARED_SELECTOR = YES;
				GCC_WARN_UNINITIALIZED_AUTOS = YES_AGGRESSIVE;
				GCC_WARN_UNUSED_FUNCTION = YES;
				GCC_WARN_UNUSED_VARIABLE = YES;
				IPHONEOS_DEPLOYMENT_TARGET = 9.2;
				MTL_ENABLE_DEBUG_INFO = YES;
				ONLY_ACTIVE_ARCH = YES;
				SDKROOT = iphoneos;
				SWIFT_OPTIMIZATION_LEVEL = "-Onone";
			};
			name = Debug;
		};
		4397DE091C29343C007B3ADD /* Release */ = {
			isa = XCBuildConfiguration;
			buildSettings = {
				ALWAYS_SEARCH_USER_PATHS = NO;
				CLANG_CXX_LANGUAGE_STANDARD = "gnu++0x";
				CLANG_CXX_LIBRARY = "libc++";
				CLANG_ENABLE_MODULES = YES;
				CLANG_ENABLE_OBJC_ARC = YES;
				CLANG_WARN_BOOL_CONVERSION = YES;
				CLANG_WARN_CONSTANT_CONVERSION = YES;
				CLANG_WARN_DIRECT_OBJC_ISA_USAGE = YES_ERROR;
				CLANG_WARN_EMPTY_BODY = YES;
				CLANG_WARN_ENUM_CONVERSION = YES;
				CLANG_WARN_INT_CONVERSION = YES;
				CLANG_WARN_OBJC_ROOT_CLASS = YES_ERROR;
				CLANG_WARN_UNREACHABLE_CODE = YES;
				CLANG_WARN__DUPLICATE_METHOD_MATCH = YES;
				"CODE_SIGN_IDENTITY[sdk=iphoneos*]" = "iPhone Developer";
				COPY_PHASE_STRIP = NO;
				DEBUG_INFORMATION_FORMAT = "dwarf-with-dsym";
				ENABLE_NS_ASSERTIONS = NO;
				ENABLE_STRICT_OBJC_MSGSEND = YES;
				GCC_C_LANGUAGE_STANDARD = gnu99;
				GCC_NO_COMMON_BLOCKS = YES;
				GCC_WARN_64_TO_32_BIT_CONVERSION = YES;
				GCC_WARN_ABOUT_RETURN_TYPE = YES_ERROR;
				GCC_WARN_UNDECLARED_SELECTOR = YES;
				GCC_WARN_UNINITIALIZED_AUTOS = YES_AGGRESSIVE;
				GCC_WARN_UNUSED_FUNCTION = YES;
				GCC_WARN_UNUSED_VARIABLE = YES;
				IPHONEOS_DEPLOYMENT_TARGET = 9.2;
				MTL_ENABLE_DEBUG_INFO = NO;
				SDKROOT = iphoneos;
				VALIDATE_PRODUCT = YES;
			};
			name = Release;
		};
		4397DE0B1C29343C007B3ADD /* Debug */ = {
			isa = XCBuildConfiguration;
			buildSettings = {
				ASSETCATALOG_COMPILER_APPICON_NAME = AppIcon;
				INFOPLIST_FILE = mylittlemonster/Info.plist;
				LD_RUNPATH_SEARCH_PATHS = "$(inherited) @executable_path/Frameworks";
				PRODUCT_BUNDLE_IDENTIFIER = com.danoreilly.mylittlemonster;
				PRODUCT_NAME = "$(TARGET_NAME)";
				TARGETED_DEVICE_FAMILY = "1,2";
			};
			name = Debug;
		};
		4397DE0C1C29343C007B3ADD /* Release */ = {
			isa = XCBuildConfiguration;
			buildSettings = {
				ASSETCATALOG_COMPILER_APPICON_NAME = AppIcon;
				INFOPLIST_FILE = mylittlemonster/Info.plist;
				LD_RUNPATH_SEARCH_PATHS = "$(inherited) @executable_path/Frameworks";
				PRODUCT_BUNDLE_IDENTIFIER = com.danoreilly.mylittlemonster;
				PRODUCT_NAME = "$(TARGET_NAME)";
				TARGETED_DEVICE_FAMILY = "1,2";
			};
			name = Release;
		};
/* End XCBuildConfiguration section */

/* Begin XCConfigurationList section */
		4397DDF31C29343C007B3ADD /* Build configuration list for PBXProject "mylittlemonster" */ = {
			isa = XCConfigurationList;
			buildConfigurations = (
				4397DE081C29343C007B3ADD /* Debug */,
				4397DE091C29343C007B3ADD /* Release */,
			);
			defaultConfigurationIsVisible = 0;
			defaultConfigurationName = Release;
		};
		4397DE0A1C29343C007B3ADD /* Build configuration list for PBXNativeTarget "mylittlemonster" */ = {
			isa = XCConfigurationList;
			buildConfigurations = (
				4397DE0B1C29343C007B3ADD /* Debug */,
				4397DE0C1C29343C007B3ADD /* Release */,
			);
			defaultConfigurationIsVisible = 0;
			defaultConfigurationName = Release;
		};
/* End XCConfigurationList section */
	};
	rootObject = 4397DDF01C29343C007B3ADD /* Project object */;
}
